// !$*UTF8*$!
{
	archiveVersion = 1;
	classes = {
	};
	objectVersion = 50;
	objects = {

/* Begin PBXBuildFile section */
		31FC42242514061F009199F4 /* faceguard WatchKit App.app in Embed Watch Content */ = {isa = PBXBuildFile; fileRef = 31FC42232514061F009199F4 /* faceguard WatchKit App.app */; settings = {ATTRIBUTES = (RemoveHeadersOnCopy, ); }; };
		31FC422A2514061F009199F4 /* Interface.storyboard in Resources */ = {isa = PBXBuildFile; fileRef = 31FC42282514061F009199F4 /* Interface.storyboard */; };
		31FC422C25140623009199F4 /* Assets.xcassets in Resources */ = {isa = PBXBuildFile; fileRef = 31FC422B25140623009199F4 /* Assets.xcassets */; };
		31FC423325140624009199F4 /* faceguard WatchKit Extension.appex in Embed App Extensions */ = {isa = PBXBuildFile; fileRef = 31FC423225140624009199F4 /* faceguard WatchKit Extension.appex */; settings = {ATTRIBUTES = (RemoveHeadersOnCopy, ); }; };
		31FC423825140624009199F4 /* ContentView.swift in Sources */ = {isa = PBXBuildFile; fileRef = 31FC423725140624009199F4 /* ContentView.swift */; };
		31FC423A25140624009199F4 /* HostingController.swift in Sources */ = {isa = PBXBuildFile; fileRef = 31FC423925140624009199F4 /* HostingController.swift */; };
		31FC423C25140624009199F4 /* ExtensionDelegate.swift in Sources */ = {isa = PBXBuildFile; fileRef = 31FC423B25140624009199F4 /* ExtensionDelegate.swift */; };
		31FC423E25140624009199F4 /* NotificationController.swift in Sources */ = {isa = PBXBuildFile; fileRef = 31FC423D25140624009199F4 /* NotificationController.swift */; };
		31FC424025140624009199F4 /* NotificationView.swift in Sources */ = {isa = PBXBuildFile; fileRef = 31FC423F25140624009199F4 /* NotificationView.swift */; };
		31FC424225140624009199F4 /* Assets.xcassets in Resources */ = {isa = PBXBuildFile; fileRef = 31FC424125140624009199F4 /* Assets.xcassets */; };
		31FC424525140624009199F4 /* Preview Assets.xcassets in Resources */ = {isa = PBXBuildFile; fileRef = 31FC424425140624009199F4 /* Preview Assets.xcassets */; };
/* End PBXBuildFile section */

/* Begin PBXContainerItemProxy section */
		31FC42252514061F009199F4 /* PBXContainerItemProxy */ = {
			isa = PBXContainerItemProxy;
			containerPortal = 31FC42192514061F009199F4 /* Project object */;
			proxyType = 1;
			remoteGlobalIDString = 31FC42222514061F009199F4;
			remoteInfo = "faceguard WatchKit App";
		};
		31FC423425140624009199F4 /* PBXContainerItemProxy */ = {
			isa = PBXContainerItemProxy;
			containerPortal = 31FC42192514061F009199F4 /* Project object */;
			proxyType = 1;
			remoteGlobalIDString = 31FC423125140624009199F4;
			remoteInfo = "faceguard WatchKit Extension";
		};
/* End PBXContainerItemProxy section */

/* Begin PBXCopyFilesBuildPhase section */
		31FC424D25140624009199F4 /* Embed App Extensions */ = {
			isa = PBXCopyFilesBuildPhase;
			buildActionMask = 2147483647;
			dstPath = "";
			dstSubfolderSpec = 13;
			files = (
				31FC423325140624009199F4 /* faceguard WatchKit Extension.appex in Embed App Extensions */,
			);
			name = "Embed App Extensions";
			runOnlyForDeploymentPostprocessing = 0;
		};
		31FC425125140624009199F4 /* Embed Watch Content */ = {
			isa = PBXCopyFilesBuildPhase;
			buildActionMask = 2147483647;
			dstPath = "$(CONTENTS_FOLDER_PATH)/Watch";
			dstSubfolderSpec = 16;
			files = (
				31FC42242514061F009199F4 /* faceguard WatchKit App.app in Embed Watch Content */,
			);
			name = "Embed Watch Content";
			runOnlyForDeploymentPostprocessing = 0;
		};
/* End PBXCopyFilesBuildPhase section */

/* Begin PBXFileReference section */
		31FC421F2514061F009199F4 /* faceguard.app */ = {isa = PBXFileReference; explicitFileType = wrapper.application; includeInIndex = 0; path = faceguard.app; sourceTree = BUILT_PRODUCTS_DIR; };
		31FC42232514061F009199F4 /* faceguard WatchKit App.app */ = {isa = PBXFileReference; explicitFileType = wrapper.application; includeInIndex = 0; path = "faceguard WatchKit App.app"; sourceTree = BUILT_PRODUCTS_DIR; };
		31FC42292514061F009199F4 /* Base */ = {isa = PBXFileReference; lastKnownFileType = file.storyboard; name = Base; path = Base.lproj/Interface.storyboard; sourceTree = "<group>"; };
		31FC422B25140623009199F4 /* Assets.xcassets */ = {isa = PBXFileReference; lastKnownFileType = folder.assetcatalog; path = Assets.xcassets; sourceTree = "<group>"; };
		31FC422D25140623009199F4 /* Info.plist */ = {isa = PBXFileReference; lastKnownFileType = text.plist.xml; path = Info.plist; sourceTree = "<group>"; };
		31FC423225140624009199F4 /* faceguard WatchKit Extension.appex */ = {isa = PBXFileReference; explicitFileType = "wrapper.app-extension"; includeInIndex = 0; path = "faceguard WatchKit Extension.appex"; sourceTree = BUILT_PRODUCTS_DIR; };
		31FC423725140624009199F4 /* ContentView.swift */ = {isa = PBXFileReference; lastKnownFileType = sourcecode.swift; path = ContentView.swift; sourceTree = "<group>"; };
		31FC423925140624009199F4 /* HostingController.swift */ = {isa = PBXFileReference; lastKnownFileType = sourcecode.swift; path = HostingController.swift; sourceTree = "<group>"; };
		31FC423B25140624009199F4 /* ExtensionDelegate.swift */ = {isa = PBXFileReference; lastKnownFileType = sourcecode.swift; path = ExtensionDelegate.swift; sourceTree = "<group>"; };
		31FC423D25140624009199F4 /* NotificationController.swift */ = {isa = PBXFileReference; lastKnownFileType = sourcecode.swift; path = NotificationController.swift; sourceTree = "<group>"; };
		31FC423F25140624009199F4 /* NotificationView.swift */ = {isa = PBXFileReference; lastKnownFileType = sourcecode.swift; path = NotificationView.swift; sourceTree = "<group>"; };
		31FC424125140624009199F4 /* Assets.xcassets */ = {isa = PBXFileReference; lastKnownFileType = folder.assetcatalog; path = Assets.xcassets; sourceTree = "<group>"; };
		31FC424425140624009199F4 /* Preview Assets.xcassets */ = {isa = PBXFileReference; lastKnownFileType = folder.assetcatalog; path = "Preview Assets.xcassets"; sourceTree = "<group>"; };
		31FC424625140624009199F4 /* Info.plist */ = {isa = PBXFileReference; lastKnownFileType = text.plist.xml; path = Info.plist; sourceTree = "<group>"; };
		31FC424725140624009199F4 /* PushNotificationPayload.apns */ = {isa = PBXFileReference; lastKnownFileType = text; path = PushNotificationPayload.apns; sourceTree = "<group>"; };
/* End PBXFileReference section */

/* Begin PBXFrameworksBuildPhase section */
		31FC422F25140624009199F4 /* Frameworks */ = {
			isa = PBXFrameworksBuildPhase;
			buildActionMask = 2147483647;
			files = (
			);
			runOnlyForDeploymentPostprocessing = 0;
		};
/* End PBXFrameworksBuildPhase section */

/* Begin PBXGroup section */
		31FC42182514061F009199F4 = {
			isa = PBXGroup;
			children = (
				31FC42272514061F009199F4 /* faceguard WatchKit App */,
				31FC423625140624009199F4 /* faceguard WatchKit Extension */,
				31FC42202514061F009199F4 /* Products */,
			);
			sourceTree = "<group>";
		};
		31FC42202514061F009199F4 /* Products */ = {
			isa = PBXGroup;
			children = (
				31FC421F2514061F009199F4 /* faceguard.app */,
				31FC42232514061F009199F4 /* faceguard WatchKit App.app */,
				31FC423225140624009199F4 /* faceguard WatchKit Extension.appex */,
			);
			name = Products;
			sourceTree = "<group>";
		};
		31FC42272514061F009199F4 /* faceguard WatchKit App */ = {
			isa = PBXGroup;
			children = (
				31FC42282514061F009199F4 /* Interface.storyboard */,
				31FC422B25140623009199F4 /* Assets.xcassets */,
				31FC422D25140623009199F4 /* Info.plist */,
			);
			path = "faceguard WatchKit App";
			sourceTree = "<group>";
		};
		31FC423625140624009199F4 /* faceguard WatchKit Extension */ = {
			isa = PBXGroup;
			children = (
				31FC423725140624009199F4 /* ContentView.swift */,
				31FC423925140624009199F4 /* HostingController.swift */,
				31FC423B25140624009199F4 /* ExtensionDelegate.swift */,
				31FC423D25140624009199F4 /* NotificationController.swift */,
				31FC423F25140624009199F4 /* NotificationView.swift */,
				31FC424125140624009199F4 /* Assets.xcassets */,
				31FC424625140624009199F4 /* Info.plist */,
				31FC424725140624009199F4 /* PushNotificationPayload.apns */,
				31FC424325140624009199F4 /* Preview Content */,
			);
			path = "faceguard WatchKit Extension";
			sourceTree = "<group>";
		};
		31FC424325140624009199F4 /* Preview Content */ = {
			isa = PBXGroup;
			children = (
				31FC424425140624009199F4 /* Preview Assets.xcassets */,
			);
			path = "Preview Content";
			sourceTree = "<group>";
		};
/* End PBXGroup section */

/* Begin PBXNativeTarget section */
		31FC421E2514061F009199F4 /* faceguard */ = {
			isa = PBXNativeTarget;
			buildConfigurationList = 31FC425225140624009199F4 /* Build configuration list for PBXNativeTarget "faceguard" */;
			buildPhases = (
				31FC421D2514061F009199F4 /* Resources */,
				31FC425125140624009199F4 /* Embed Watch Content */,
			);
			buildRules = (
			);
			dependencies = (
				31FC42262514061F009199F4 /* PBXTargetDependency */,
			);
			name = faceguard;
			productName = faceguard;
			productReference = 31FC421F2514061F009199F4 /* faceguard.app */;
			productType = "com.apple.product-type.application.watchapp2-container";
		};
		31FC42222514061F009199F4 /* faceguard WatchKit App */ = {
			isa = PBXNativeTarget;
			buildConfigurationList = 31FC424E25140624009199F4 /* Build configuration list for PBXNativeTarget "faceguard WatchKit App" */;
			buildPhases = (
				31FC42212514061F009199F4 /* Resources */,
				31FC424D25140624009199F4 /* Embed App Extensions */,
			);
			buildRules = (
			);
			dependencies = (
				31FC423525140624009199F4 /* PBXTargetDependency */,
			);
			name = "faceguard WatchKit App";
			productName = "faceguard WatchKit App";
			productReference = 31FC42232514061F009199F4 /* faceguard WatchKit App.app */;
			productType = "com.apple.product-type.application.watchapp2";
		};
		31FC423125140624009199F4 /* faceguard WatchKit Extension */ = {
			isa = PBXNativeTarget;
			buildConfigurationList = 31FC424A25140624009199F4 /* Build configuration list for PBXNativeTarget "faceguard WatchKit Extension" */;
			buildPhases = (
				31FC422E25140624009199F4 /* Sources */,
				31FC422F25140624009199F4 /* Frameworks */,
				31FC423025140624009199F4 /* Resources */,
			);
			buildRules = (
			);
			dependencies = (
			);
			name = "faceguard WatchKit Extension";
			productName = "faceguard WatchKit Extension";
			productReference = 31FC423225140624009199F4 /* faceguard WatchKit Extension.appex */;
			productType = "com.apple.product-type.watchkit2-extension";
		};
/* End PBXNativeTarget section */

/* Begin PBXProject section */
		31FC42192514061F009199F4 /* Project object */ = {
			isa = PBXProject;
			attributes = {
				LastSwiftUpdateCheck = 1170;
				LastUpgradeCheck = 1170;
				ORGANIZATIONNAME = KaranDev;
				TargetAttributes = {
					31FC421E2514061F009199F4 = {
						CreatedOnToolsVersion = 11.7;
					};
					31FC42222514061F009199F4 = {
						CreatedOnToolsVersion = 11.7;
					};
					31FC423125140624009199F4 = {
						CreatedOnToolsVersion = 11.7;
					};
				};
			};
			buildConfigurationList = 31FC421C2514061F009199F4 /* Build configuration list for PBXProject "faceguard" */;
			compatibilityVersion = "Xcode 9.3";
			developmentRegion = en;
			hasScannedForEncodings = 0;
			knownRegions = (
				en,
				Base,
			);
			mainGroup = 31FC42182514061F009199F4;
			productRefGroup = 31FC42202514061F009199F4 /* Products */;
			projectDirPath = "";
			projectRoot = "";
			targets = (
				31FC421E2514061F009199F4 /* faceguard */,
				31FC42222514061F009199F4 /* faceguard WatchKit App */,
				31FC423125140624009199F4 /* faceguard WatchKit Extension */,
			);
		};
/* End PBXProject section */

/* Begin PBXResourcesBuildPhase section */
		31FC421D2514061F009199F4 /* Resources */ = {
			isa = PBXResourcesBuildPhase;
			buildActionMask = 2147483647;
			files = (
			);
			runOnlyForDeploymentPostprocessing = 0;
		};
		31FC42212514061F009199F4 /* Resources */ = {
			isa = PBXResourcesBuildPhase;
			buildActionMask = 2147483647;
			files = (
				31FC422C25140623009199F4 /* Assets.xcassets in Resources */,
				31FC422A2514061F009199F4 /* Interface.storyboard in Resources */,
			);
			runOnlyForDeploymentPostprocessing = 0;
		};
		31FC423025140624009199F4 /* Resources */ = {
			isa = PBXResourcesBuildPhase;
			buildActionMask = 2147483647;
			files = (
				31FC424525140624009199F4 /* Preview Assets.xcassets in Resources */,
				31FC424225140624009199F4 /* Assets.xcassets in Resources */,
			);
			runOnlyForDeploymentPostprocessing = 0;
		};
/* End PBXResourcesBuildPhase section */

/* Begin PBXSourcesBuildPhase section */
		31FC422E25140624009199F4 /* Sources */ = {
			isa = PBXSourcesBuildPhase;
			buildActionMask = 2147483647;
			files = (
				31FC423A25140624009199F4 /* HostingController.swift in Sources */,
				31FC423825140624009199F4 /* ContentView.swift in Sources */,
				31FC423E25140624009199F4 /* NotificationController.swift in Sources */,
				31FC423C25140624009199F4 /* ExtensionDelegate.swift in Sources */,
				31FC424025140624009199F4 /* NotificationView.swift in Sources */,
			);
			runOnlyForDeploymentPostprocessing = 0;
		};
/* End PBXSourcesBuildPhase section */

/* Begin PBXTargetDependency section */
		31FC42262514061F009199F4 /* PBXTargetDependency */ = {
			isa = PBXTargetDependency;
			target = 31FC42222514061F009199F4 /* faceguard WatchKit App */;
			targetProxy = 31FC42252514061F009199F4 /* PBXContainerItemProxy */;
		};
		31FC423525140624009199F4 /* PBXTargetDependency */ = {
			isa = PBXTargetDependency;
			target = 31FC423125140624009199F4 /* faceguard WatchKit Extension */;
			targetProxy = 31FC423425140624009199F4 /* PBXContainerItemProxy */;
		};
/* End PBXTargetDependency section */

/* Begin PBXVariantGroup section */
		31FC42282514061F009199F4 /* Interface.storyboard */ = {
			isa = PBXVariantGroup;
			children = (
				31FC42292514061F009199F4 /* Base */,
			);
			name = Interface.storyboard;
			sourceTree = "<group>";
		};
/* End PBXVariantGroup section */

/* Begin XCBuildConfiguration section */
		31FC424825140624009199F4 /* Debug */ = {
			isa = XCBuildConfiguration;
			buildSettings = {
				ALWAYS_SEARCH_USER_PATHS = NO;
				CLANG_ANALYZER_NONNULL = YES;
				CLANG_ANALYZER_NUMBER_OBJECT_CONVERSION = YES_AGGRESSIVE;
				CLANG_CXX_LANGUAGE_STANDARD = "gnu++14";
				CLANG_CXX_LIBRARY = "libc++";
				CLANG_ENABLE_MODULES = YES;
				CLANG_ENABLE_OBJC_ARC = YES;
				CLANG_ENABLE_OBJC_WEAK = YES;
				CLANG_WARN_BLOCK_CAPTURE_AUTORELEASING = YES;
				CLANG_WARN_BOOL_CONVERSION = YES;
				CLANG_WARN_COMMA = YES;
				CLANG_WARN_CONSTANT_CONVERSION = YES;
				CLANG_WARN_DEPRECATED_OBJC_IMPLEMENTATIONS = YES;
				CLANG_WARN_DIRECT_OBJC_ISA_USAGE = YES_ERROR;
				CLANG_WARN_DOCUMENTATION_COMMENTS = YES;
				CLANG_WARN_EMPTY_BODY = YES;
				CLANG_WARN_ENUM_CONVERSION = YES;
				CLANG_WARN_INFINITE_RECURSION = YES;
				CLANG_WARN_INT_CONVERSION = YES;
				CLANG_WARN_NON_LITERAL_NULL_CONVERSION = YES;
				CLANG_WARN_OBJC_IMPLICIT_RETAIN_SELF = YES;
				CLANG_WARN_OBJC_LITERAL_CONVERSION = YES;
				CLANG_WARN_OBJC_ROOT_CLASS = YES_ERROR;
				CLANG_WARN_RANGE_LOOP_ANALYSIS = YES;
				CLANG_WARN_STRICT_PROTOTYPES = YES;
				CLANG_WARN_SUSPICIOUS_MOVE = YES;
				CLANG_WARN_UNGUARDED_AVAILABILITY = YES_AGGRESSIVE;
				CLANG_WARN_UNREACHABLE_CODE = YES;
				CLANG_WARN__DUPLICATE_METHOD_MATCH = YES;
				COPY_PHASE_STRIP = NO;
				DEBUG_INFORMATION_FORMAT = dwarf;
				ENABLE_STRICT_OBJC_MSGSEND = YES;
				ENABLE_TESTABILITY = YES;
				GCC_C_LANGUAGE_STANDARD = gnu11;
				GCC_DYNAMIC_NO_PIC = NO;
				GCC_NO_COMMON_BLOCKS = YES;
				GCC_OPTIMIZATION_LEVEL = 0;
				GCC_PREPROCESSOR_DEFINITIONS = (
					"DEBUG=1",
					"$(inherited)",
				);
				GCC_WARN_64_TO_32_BIT_CONVERSION = YES;
				GCC_WARN_ABOUT_RETURN_TYPE = YES_ERROR;
				GCC_WARN_UNDECLARED_SELECTOR = YES;
				GCC_WARN_UNINITIALIZED_AUTOS = YES_AGGRESSIVE;
				GCC_WARN_UNUSED_FUNCTION = YES;
				GCC_WARN_UNUSED_VARIABLE = YES;
				MTL_ENABLE_DEBUG_INFO = INCLUDE_SOURCE;
				MTL_FAST_MATH = YES;
				ONLY_ACTIVE_ARCH = YES;
				SDKROOT = iphoneos;
				SWIFT_ACTIVE_COMPILATION_CONDITIONS = DEBUG;
				SWIFT_OPTIMIZATION_LEVEL = "-Onone";
			};
			name = Debug;
		};
		31FC424925140624009199F4 /* Release */ = {
			isa = XCBuildConfiguration;
			buildSettings = {
				ALWAYS_SEARCH_USER_PATHS = NO;
				CLANG_ANALYZER_NONNULL = YES;
				CLANG_ANALYZER_NUMBER_OBJECT_CONVERSION = YES_AGGRESSIVE;
				CLANG_CXX_LANGUAGE_STANDARD = "gnu++14";
				CLANG_CXX_LIBRARY = "libc++";
				CLANG_ENABLE_MODULES = YES;
				CLANG_ENABLE_OBJC_ARC = YES;
				CLANG_ENABLE_OBJC_WEAK = YES;
				CLANG_WARN_BLOCK_CAPTURE_AUTORELEASING = YES;
				CLANG_WARN_BOOL_CONVERSION = YES;
				CLANG_WARN_COMMA = YES;
				CLANG_WARN_CONSTANT_CONVERSION = YES;
				CLANG_WARN_DEPRECATED_OBJC_IMPLEMENTATIONS = YES;
				CLANG_WARN_DIRECT_OBJC_ISA_USAGE = YES_ERROR;
				CLANG_WARN_DOCUMENTATION_COMMENTS = YES;
				CLANG_WARN_EMPTY_BODY = YES;
				CLANG_WARN_ENUM_CONVERSION = YES;
				CLANG_WARN_INFINITE_RECURSION = YES;
				CLANG_WARN_INT_CONVERSION = YES;
				CLANG_WARN_NON_LITERAL_NULL_CONVERSION = YES;
				CLANG_WARN_OBJC_IMPLICIT_RETAIN_SELF = YES;
				CLANG_WARN_OBJC_LITERAL_CONVERSION = YES;
				CLANG_WARN_OBJC_ROOT_CLASS = YES_ERROR;
				CLANG_WARN_RANGE_LOOP_ANALYSIS = YES;
				CLANG_WARN_STRICT_PROTOTYPES = YES;
				CLANG_WARN_SUSPICIOUS_MOVE = YES;
				CLANG_WARN_UNGUARDED_AVAILABILITY = YES_AGGRESSIVE;
				CLANG_WARN_UNREACHABLE_CODE = YES;
				CLANG_WARN__DUPLICATE_METHOD_MATCH = YES;
				COPY_PHASE_STRIP = NO;
				DEBUG_INFORMATION_FORMAT = "dwarf-with-dsym";
				ENABLE_NS_ASSERTIONS = NO;
				ENABLE_STRICT_OBJC_MSGSEND = YES;
				GCC_C_LANGUAGE_STANDARD = gnu11;
				GCC_NO_COMMON_BLOCKS = YES;
				GCC_WARN_64_TO_32_BIT_CONVERSION = YES;
				GCC_WARN_ABOUT_RETURN_TYPE = YES_ERROR;
				GCC_WARN_UNDECLARED_SELECTOR = YES;
				GCC_WARN_UNINITIALIZED_AUTOS = YES_AGGRESSIVE;
				GCC_WARN_UNUSED_FUNCTION = YES;
				GCC_WARN_UNUSED_VARIABLE = YES;
				MTL_ENABLE_DEBUG_INFO = NO;
				MTL_FAST_MATH = YES;
				SDKROOT = iphoneos;
				SWIFT_COMPILATION_MODE = wholemodule;
				SWIFT_OPTIMIZATION_LEVEL = "-O";
				VALIDATE_PRODUCT = YES;
			};
			name = Release;
		};
		31FC424B25140624009199F4 /* Debug */ = {
			isa = XCBuildConfiguration;
			buildSettings = {
				ASSETCATALOG_COMPILER_COMPLICATION_NAME = Complication;
				CODE_SIGN_STYLE = Automatic;
				DEVELOPMENT_ASSET_PATHS = "\"faceguard WatchKit Extension/Preview Content\"";
				DEVELOPMENT_TEAM = A3NZ5C96B5;
				ENABLE_PREVIEWS = YES;
				INFOPLIST_FILE = "faceguard WatchKit Extension/Info.plist";
				LD_RUNPATH_SEARCH_PATHS = (
					"$(inherited)",
					"@executable_path/Frameworks",
					"@executable_path/../../Frameworks",
				);
				PRODUCT_BUNDLE_IDENTIFIER = Wafalay.faceguard.watchkitapp.watchkitextension;
				PRODUCT_NAME = "${TARGET_NAME}";
				SDKROOT = watchos;
				SKIP_INSTALL = YES;
				SWIFT_VERSION = 5.0;
				TARGETED_DEVICE_FAMILY = 4;
				WATCHOS_DEPLOYMENT_TARGET = 6.2;
			};
			name = Debug;
		};
		31FC424C25140624009199F4 /* Release */ = {
			isa = XCBuildConfiguration;
			buildSettings = {
				ASSETCATALOG_COMPILER_COMPLICATION_NAME = Complication;
				CODE_SIGN_STYLE = Automatic;
				DEVELOPMENT_ASSET_PATHS = "\"faceguard WatchKit Extension/Preview Content\"";
				DEVELOPMENT_TEAM = A3NZ5C96B5;
				ENABLE_PREVIEWS = YES;
				INFOPLIST_FILE = "faceguard WatchKit Extension/Info.plist";
				LD_RUNPATH_SEARCH_PATHS = (
					"$(inherited)",
					"@executable_path/Frameworks",
					"@executable_path/../../Frameworks",
				);
				PRODUCT_BUNDLE_IDENTIFIER = Wafalay.faceguard.watchkitapp.watchkitextension;
				PRODUCT_NAME = "${TARGET_NAME}";
				SDKROOT = watchos;
				SKIP_INSTALL = YES;
				SWIFT_VERSION = 5.0;
				TARGETED_DEVICE_FAMILY = 4;
				WATCHOS_DEPLOYMENT_TARGET = 6.2;
			};
			name = Release;
		};
		31FC424F25140624009199F4 /* Debug */ = {
			isa = XCBuildConfiguration;
			buildSettings = {
				ALWAYS_EMBED_SWIFT_STANDARD_LIBRARIES = YES;
				ASSETCATALOG_COMPILER_APPICON_NAME = AppIcon;
				CODE_SIGN_STYLE = Automatic;
				DEVELOPMENT_TEAM = A3NZ5C96B5;
				IBSC_MODULE = faceguard_WatchKit_Extension;
				INFOPLIST_FILE = "faceguard WatchKit App/Info.plist";
				PRODUCT_BUNDLE_IDENTIFIER = Wafalay.faceguard.watchkitapp;
				PRODUCT_NAME = "$(TARGET_NAME)";
				SDKROOT = watchos;
				SKIP_INSTALL = YES;
				SWIFT_VERSION = 5.0;
				TARGETED_DEVICE_FAMILY = 4;
				WATCHOS_DEPLOYMENT_TARGET = 6.2;
			};
			name = Debug;
		};
		31FC425025140624009199F4 /* Release */ = {
			isa = XCBuildConfiguration;
			buildSettings = {
				ALWAYS_EMBED_SWIFT_STANDARD_LIBRARIES = YES;
				ASSETCATALOG_COMPILER_APPICON_NAME = AppIcon;
				CODE_SIGN_STYLE = Automatic;
				DEVELOPMENT_TEAM = A3NZ5C96B5;
				IBSC_MODULE = faceguard_WatchKit_Extension;
				INFOPLIST_FILE = "faceguard WatchKit App/Info.plist";
				PRODUCT_BUNDLE_IDENTIFIER = Wafalay.faceguard.watchkitapp;
				PRODUCT_NAME = "$(TARGET_NAME)";
				SDKROOT = watchos;
				SKIP_INSTALL = YES;
				SWIFT_VERSION = 5.0;
				TARGETED_DEVICE_FAMILY = 4;
				WATCHOS_DEPLOYMENT_TARGET = 6.2;
			};
			name = Release;
		};
		31FC425325140624009199F4 /* Debug */ = {
			isa = XCBuildConfiguration;
			buildSettings = {
				CODE_SIGN_STYLE = Automatic;
				CURRENT_PROJECT_VERSION = 1;
				DEVELOPMENT_TEAM = A3NZ5C96B5;
				MARKETING_VERSION = 1.0;
				PRODUCT_BUNDLE_IDENTIFIER = Wafalay.faceguard;
				PRODUCT_NAME = "$(TARGET_NAME)";
				SWIFT_VERSION = 5.0;
			};
			name = Debug;
		};
		31FC425425140624009199F4 /* Release */ = {
			isa = XCBuildConfiguration;
			buildSettings = {
				CODE_SIGN_STYLE = Automatic;
				CURRENT_PROJECT_VERSION = 1;
				DEVELOPMENT_TEAM = A3NZ5C96B5;
				MARKETING_VERSION = 1.0;
				PRODUCT_BUNDLE_IDENTIFIER = Wafalay.faceguard;
				PRODUCT_NAME = "$(TARGET_NAME)";
				SWIFT_VERSION = 5.0;
			};
			name = Release;
		};
/* End XCBuildConfiguration section */

/* Begin XCConfigurationList section */
		31FC421C2514061F009199F4 /* Build configuration list for PBXProject "faceguard" */ = {
			isa = XCConfigurationList;
			buildConfigurations = (
				31FC424825140624009199F4 /* Debug */,
				31FC424925140624009199F4 /* Release */,
			);
			defaultConfigurationIsVisible = 0;
			defaultConfigurationName = Release;
		};
		31FC424A25140624009199F4 /* Build configuration list for PBXNativeTarget "faceguard WatchKit Extension" */ = {
			isa = XCConfigurationList;
			buildConfigurations = (
				31FC424B25140624009199F4 /* Debug */,
				31FC424C25140624009199F4 /* Release */,
			);
			defaultConfigurationIsVisible = 0;
			defaultConfigurationName = Release;
		};
		31FC424E25140624009199F4 /* Build configuration list for PBXNativeTarget "faceguard WatchKit App" */ = {
			isa = XCConfigurationList;
			buildConfigurations = (
				31FC424F25140624009199F4 /* Debug */,
				31FC425025140624009199F4 /* Release */,
			);
			defaultConfigurationIsVisible = 0;
			defaultConfigurationName = Release;
		};
		31FC425225140624009199F4 /* Build configuration list for PBXNativeTarget "faceguard" */ = {
			isa = XCConfigurationList;
			buildConfigurations = (
				31FC425325140624009199F4 /* Debug */,
				31FC425425140624009199F4 /* Release */,
			);
			defaultConfigurationIsVisible = 0;
			defaultConfigurationName = Release;
		};
/* End XCConfigurationList section */
	};
	rootObject = 31FC42192514061F009199F4 /* Project object */;
}
